
Microsoft Visual Studio Solution File, Format Version 12.00
# Visual Studio Version 16
VisualStudioVersion = 16.0.29519.181
MinimumVisualStudioVersion = 10.0.40219.1
Project("{9A19103F-16F7-4668-BE54-9A1E7A4F7556}") = "Cars", "Cars.csproj", "{AE12F5DA-D5FE-4A6B-B3C3-9D729324FF08}"
EndProject
Project("{FAE04EC0-301F-11D3-BF4B-00C04F79EFBC}") = "UnitTestCars", "..\UnitTestCars\UnitTestCars.csproj", "{A9833658-1C74-496D-BFD4-3CA799A20523}"
EndProject
Global
	GlobalSection(SolutionConfigurationPlatforms) = preSolution
		Debug|Any CPU = Debug|Any CPU
		Release|Any CPU = Release|Any CPU
	EndGlobalSection
	GlobalSection(ProjectConfigurationPlatforms) = postSolution
		{AE12F5DA-D5FE-4A6B-B3C3-9D729324FF08}.Debug|Any CPU.ActiveCfg = Debug|Any CPU
		{AE12F5DA-D5FE-4A6B-B3C3-9D729324FF08}.Debug|Any CPU.Build.0 = Debug|Any CPU
		{AE12F5DA-D5FE-4A6B-B3C3-9D729324FF08}.Release|Any CPU.ActiveCfg = Release|Any CPU
		{AE12F5DA-D5FE-4A6B-B3C3-9D729324FF08}.Release|Any CPU.Build.0 = Release|Any CPU
		{A9833658-1C74-496D-BFD4-3CA799A20523}.Debug|Any CPU.ActiveCfg = Debug|Any CPU
		{A9833658-1C74-496D-BFD4-3CA799A20523}.Debug|Any CPU.Build.0 = Debug|Any CPU
		{A9833658-1C74-496D-BFD4-3CA799A20523}.Release|Any CPU.ActiveCfg = Release|Any CPU
		{A9833658-1C74-496D-BFD4-3CA799A20523}.Release|Any CPU.Build.0 = Release|Any CPU
	EndGlobalSection
	GlobalSection(SolutionProperties) = preSolution
		HideSolutionNode = FALSE
	EndGlobalSection
	GlobalSection(ExtensibilityGlobals) = postSolution
		SolutionGuid = {D5E887F8-0CD8-483F-ACBD-92C9CE77F2E6}
	EndGlobalSection
EndGlobal
